
Microsoft Visual Studio Solution File, Format Version 12.00
# Visual Studio Version 16
VisualStudioVersion = 16.0.31205.134
MinimumVisualStudioVersion = 10.0.40219.1
Project("{8BC9CEB8-8B4A-11D0-8D11-00A0C91BC942}") = "OneSchedule", "OneSchedule\OneSchedule.vcxproj", "{EA1C04E4-7EC2-4848-9C51-D19EAB738F52}"
EndProject
Project("{8BC9CEB8-8B4A-11D0-8D11-00A0C91BC942}") = "OneNoteEventsMarshaler", "OneNoteEventsMarshaler\OneNoteEventsMarshaler.vcxproj", "{B8DA34E4-1299-48B8-BE75-5CFB9E5B6942}"
EndProject
Global
	GlobalSection(SolutionConfigurationPlatforms) = preSolution
		Debug|x64 = Debug|x64
		Debug|x86 = Debug|x86
		Release|x64 = Release|x64
		Release|x86 = Release|x86
	EndGlobalSection
	GlobalSection(ProjectConfigurationPlatforms) = postSolution
		{EA1C04E4-7EC2-4848-9C51-D19EAB738F52}.Debug|x64.ActiveCfg = Debug|x64
		{EA1C04E4-7EC2-4848-9C51-D19EAB738F52}.Debug|x64.Build.0 = Debug|x64
		{EA1C04E4-7EC2-4848-9C51-D19EAB738F52}.Debug|x86.ActiveCfg = Debug|Win32
		{EA1C04E4-7EC2-4848-9C51-D19EAB738F52}.Debug|x86.Build.0 = Debug|Win32
		{EA1C04E4-7EC2-4848-9C51-D19EAB738F52}.Release|x64.ActiveCfg = Release|x64
		{EA1C04E4-7EC2-4848-9C51-D19EAB738F52}.Release|x64.Build.0 = Release|x64
		{EA1C04E4-7EC2-4848-9C51-D19EAB738F52}.Release|x86.ActiveCfg = Release|Win32
		{EA1C04E4-7EC2-4848-9C51-D19EAB738F52}.Release|x86.Build.0 = Release|Win32
		{B8DA34E4-1299-48B8-BE75-5CFB9E5B6942}.Debug|x64.ActiveCfg = Debug|x64
		{B8DA34E4-1299-48B8-BE75-5CFB9E5B6942}.Debug|x64.Build.0 = Debug|x64
		{B8DA34E4-1299-48B8-BE75-5CFB9E5B6942}.Debug|x86.ActiveCfg = Debug|Win32
		{B8DA34E4-1299-48B8-BE75-5CFB9E5B6942}.Debug|x86.Build.0 = Debug|Win32
		{B8DA34E4-1299-48B8-BE75-5CFB9E5B6942}.Release|x64.ActiveCfg = Release|x64
		{B8DA34E4-1299-48B8-BE75-5CFB9E5B6942}.Release|x64.Build.0 = Release|x64
		{B8DA34E4-1299-48B8-BE75-5CFB9E5B6942}.Release|x86.ActiveCfg = Release|Win32
		{B8DA34E4-1299-48B8-BE75-5CFB9E5B6942}.Release|x86.Build.0 = Release|Win32
	EndGlobalSection
	GlobalSection(SolutionProperties) = preSolution
		HideSolutionNode = FALSE
	EndGlobalSection
	GlobalSection(ExtensibilityGlobals) = postSolution
		SolutionGuid = {4E2E07C4-F13A-4F17-824B-00D29B8DF27B}
	EndGlobalSection
EndGlobal
